// !$*UTF8*$!
{
	archiveVersion = 1;
	classes = {
	};
	objectVersion = 50;
	objects = {

/* Begin PBXBuildFile section */
		1C0DA9DD479B11F96CBDE725 /* Pods_Tindog.framework in Frameworks */ = {isa = PBXBuildFile; fileRef = DB358DDC04CA8B3C2E990996 /* Pods_Tindog.framework */; };
		6538C55F2173E32E00B8859D /* DataBaseService.swift in Sources */ = {isa = PBXBuildFile; fileRef = 6538C55E2173E32E00B8859D /* DataBaseService.swift */; };
		653C4A0B215526500071F717 /* HomeViewController.swift in Sources */ = {isa = PBXBuildFile; fileRef = 653C4A0A215526500071F717 /* HomeViewController.swift */; };
		656218B921A369CF002912AB /* UserModel.swift in Sources */ = {isa = PBXBuildFile; fileRef = 656218B821A369CF002912AB /* UserModel.swift */; };
		657DC04E2162FA2300B254A7 /* LoginViewController.swift in Sources */ = {isa = PBXBuildFile; fileRef = 657DC04D2162FA2300B254A7 /* LoginViewController.swift */; };
		65869F3E216EC42D00C5F274 /* UIViewExt.swift in Sources */ = {isa = PBXBuildFile; fileRef = 65869F3D216EC42D00C5F274 /* UIViewExt.swift */; };
		65869F40216F036C00C5F274 /* GoogleService-Info.plist in Resources */ = {isa = PBXBuildFile; fileRef = 65869F3F216F036C00C5F274 /* GoogleService-Info.plist */; };
		65C5EC8221533135006A0F42 /* AppDelegate.swift in Sources */ = {isa = PBXBuildFile; fileRef = 65C5EC8121533135006A0F42 /* AppDelegate.swift */; };
		65C5EC8721533135006A0F42 /* Main.storyboard in Resources */ = {isa = PBXBuildFile; fileRef = 65C5EC8521533135006A0F42 /* Main.storyboard */; };
		65C5EC8921533136006A0F42 /* Assets.xcassets in Resources */ = {isa = PBXBuildFile; fileRef = 65C5EC8821533136006A0F42 /* Assets.xcassets */; };
		65C5EC8C21533136006A0F42 /* LaunchScreen.storyboard in Resources */ = {isa = PBXBuildFile; fileRef = 65C5EC8A21533136006A0F42 /* LaunchScreen.storyboard */; };
		65DE0BEB217E88B900A00FFA /* ProfileViewController.swift in Sources */ = {isa = PBXBuildFile; fileRef = 65DE0BEA217E88B900A00FFA /* ProfileViewController.swift */; };
/* End PBXBuildFile section */

/* Begin PBXFileReference section */
		550E064E9803ADAFADC41604 /* Pods-Tindog.release.xcconfig */ = {isa = PBXFileReference; includeInIndex = 1; lastKnownFileType = text.xcconfig; name = "Pods-Tindog.release.xcconfig"; path = "Pods/Target Support Files/Pods-Tindog/Pods-Tindog.release.xcconfig"; sourceTree = "<group>"; };
		6538C55E2173E32E00B8859D /* DataBaseService.swift */ = {isa = PBXFileReference; lastKnownFileType = sourcecode.swift; path = DataBaseService.swift; sourceTree = "<group>"; };
		653C4A0A215526500071F717 /* HomeViewController.swift */ = {isa = PBXFileReference; lastKnownFileType = sourcecode.swift; path = HomeViewController.swift; sourceTree = "<group>"; };
		656218B821A369CF002912AB /* UserModel.swift */ = {isa = PBXFileReference; lastKnownFileType = sourcecode.swift; path = UserModel.swift; sourceTree = "<group>"; };
		657DC04D2162FA2300B254A7 /* LoginViewController.swift */ = {isa = PBXFileReference; lastKnownFileType = sourcecode.swift; path = LoginViewController.swift; sourceTree = "<group>"; };
		65869F3D216EC42D00C5F274 /* UIViewExt.swift */ = {isa = PBXFileReference; lastKnownFileType = sourcecode.swift; path = UIViewExt.swift; sourceTree = "<group>"; };
		65869F3F216F036C00C5F274 /* GoogleService-Info.plist */ = {isa = PBXFileReference; fileEncoding = 4; lastKnownFileType = text.plist.xml; path = "GoogleService-Info.plist"; sourceTree = "<group>"; };
		65C5EC7E21533135006A0F42 /* Tindog.app */ = {isa = PBXFileReference; explicitFileType = wrapper.application; includeInIndex = 0; path = Tindog.app; sourceTree = BUILT_PRODUCTS_DIR; };
		65C5EC8121533135006A0F42 /* AppDelegate.swift */ = {isa = PBXFileReference; lastKnownFileType = sourcecode.swift; path = AppDelegate.swift; sourceTree = "<group>"; };
		65C5EC8621533135006A0F42 /* Base */ = {isa = PBXFileReference; lastKnownFileType = file.storyboard; name = Base; path = Base.lproj/Main.storyboard; sourceTree = "<group>"; };
		65C5EC8821533136006A0F42 /* Assets.xcassets */ = {isa = PBXFileReference; lastKnownFileType = folder.assetcatalog; path = Assets.xcassets; sourceTree = "<group>"; };
		65C5EC8B21533136006A0F42 /* Base */ = {isa = PBXFileReference; lastKnownFileType = file.storyboard; name = Base; path = Base.lproj/LaunchScreen.storyboard; sourceTree = "<group>"; };
		65C5EC8D21533136006A0F42 /* Info.plist */ = {isa = PBXFileReference; lastKnownFileType = text.plist.xml; path = Info.plist; sourceTree = "<group>"; };
		65DE0BEA217E88B900A00FFA /* ProfileViewController.swift */ = {isa = PBXFileReference; lastKnownFileType = sourcecode.swift; path = ProfileViewController.swift; sourceTree = "<group>"; };
		B1F9EAD15F960EFDDA08BB4A /* Pods-Tindog.debug.xcconfig */ = {isa = PBXFileReference; includeInIndex = 1; lastKnownFileType = text.xcconfig; name = "Pods-Tindog.debug.xcconfig"; path = "Pods/Target Support Files/Pods-Tindog/Pods-Tindog.debug.xcconfig"; sourceTree = "<group>"; };
		DB358DDC04CA8B3C2E990996 /* Pods_Tindog.framework */ = {isa = PBXFileReference; explicitFileType = wrapper.framework; includeInIndex = 0; path = Pods_Tindog.framework; sourceTree = BUILT_PRODUCTS_DIR; };
/* End PBXFileReference section */

/* Begin PBXFrameworksBuildPhase section */
		65C5EC7B21533134006A0F42 /* Frameworks */ = {
			isa = PBXFrameworksBuildPhase;
			buildActionMask = 2147483647;
			files = (
				1C0DA9DD479B11F96CBDE725 /* Pods_Tindog.framework in Frameworks */,
			);
			runOnlyForDeploymentPostprocessing = 0;
		};
/* End PBXFrameworksBuildPhase section */

/* Begin PBXGroup section */
		45E82248D4633FCF525FB6FB /* Frameworks */ = {
			isa = PBXGroup;
			children = (
				DB358DDC04CA8B3C2E990996 /* Pods_Tindog.framework */,
			);
			name = Frameworks;
			sourceTree = "<group>";
		};
		6538C55D2173E31600B8859D /* Services */ = {
			isa = PBXGroup;
			children = (
				6538C55E2173E32E00B8859D /* DataBaseService.swift */,
			);
			path = Services;
			sourceTree = "<group>";
		};
		653C4A0921549F210071F717 /* Controllers */ = {
			isa = PBXGroup;
			children = (
				653C4A0A215526500071F717 /* HomeViewController.swift */,
				657DC04D2162FA2300B254A7 /* LoginViewController.swift */,
				65DE0BEA217E88B900A00FFA /* ProfileViewController.swift */,
			);
			path = Controllers;
			sourceTree = "<group>";
		};
		656218B721A369AE002912AB /* Models */ = {
			isa = PBXGroup;
			children = (
				656218B821A369CF002912AB /* UserModel.swift */,
			);
			path = Models;
			sourceTree = "<group>";
		};
		65869F3C216EC3DF00C5F274 /* Extensions */ = {
			isa = PBXGroup;
			children = (
				65869F3D216EC42D00C5F274 /* UIViewExt.swift */,
			);
			path = Extensions;
			sourceTree = "<group>";
		};
		65C5EC7521533134006A0F42 = {
			isa = PBXGroup;
			children = (
				656218B721A369AE002912AB /* Models */,
				6538C55D2173E31600B8859D /* Services */,
				65869F3C216EC3DF00C5F274 /* Extensions */,
				653C4A0921549F210071F717 /* Controllers */,
				65C5EC8021533135006A0F42 /* Tindog */,
				65C5EC7F21533135006A0F42 /* Products */,
				F9D1346AB8CA47C32CE9A835 /* Pods */,
				45E82248D4633FCF525FB6FB /* Frameworks */,
			);
			sourceTree = "<group>";
		};
		65C5EC7F21533135006A0F42 /* Products */ = {
			isa = PBXGroup;
			children = (
				65C5EC7E21533135006A0F42 /* Tindog.app */,
			);
			name = Products;
			sourceTree = "<group>";
		};
		65C5EC8021533135006A0F42 /* Tindog */ = {
			isa = PBXGroup;
			children = (
				65C5EC8121533135006A0F42 /* AppDelegate.swift */,
				65C5EC8521533135006A0F42 /* Main.storyboard */,
				65C5EC8821533136006A0F42 /* Assets.xcassets */,
				65C5EC8A21533136006A0F42 /* LaunchScreen.storyboard */,
				65C5EC8D21533136006A0F42 /* Info.plist */,
				65869F3F216F036C00C5F274 /* GoogleService-Info.plist */,
			);
			path = Tindog;
			sourceTree = "<group>";
		};
		F9D1346AB8CA47C32CE9A835 /* Pods */ = {
			isa = PBXGroup;
			children = (
				B1F9EAD15F960EFDDA08BB4A /* Pods-Tindog.debug.xcconfig */,
				550E064E9803ADAFADC41604 /* Pods-Tindog.release.xcconfig */,
			);
			name = Pods;
			sourceTree = "<group>";
		};
/* End PBXGroup section */

/* Begin PBXNativeTarget section */
		65C5EC7D21533134006A0F42 /* Tindog */ = {
			isa = PBXNativeTarget;
			buildConfigurationList = 65C5EC9021533136006A0F42 /* Build configuration list for PBXNativeTarget "Tindog" */;
			buildPhases = (
				586E51E660D06FDAD0910A91 /* [CP] Check Pods Manifest.lock */,
				65C5EC7A21533134006A0F42 /* Sources */,
				65C5EC7B21533134006A0F42 /* Frameworks */,
				65C5EC7C21533134006A0F42 /* Resources */,
				F433DA28F9B7BEFB129095F4 /* [CP] Embed Pods Frameworks */,
				65DA4C442167CE8C002164FA /* ShellScript */,
			);
			buildRules = (
			);
			dependencies = (
			);
			name = Tindog;
			productName = Tindog;
			productReference = 65C5EC7E21533135006A0F42 /* Tindog.app */;
			productType = "com.apple.product-type.application";
		};
/* End PBXNativeTarget section */

/* Begin PBXProject section */
		65C5EC7621533134006A0F42 /* Project object */ = {
			isa = PBXProject;
			attributes = {
				LastSwiftUpdateCheck = 0940;
				LastUpgradeCheck = 0940;
				ORGANIZATIONNAME = PosetoStudio;
				TargetAttributes = {
					65C5EC7D21533134006A0F42 = {
						CreatedOnToolsVersion = 9.4.1;
						LastSwiftMigration = 1010;
						SystemCapabilities = {
							com.apple.InAppPurchase = {
								enabled = 0;
							};
						};
					};
				};
			};
			buildConfigurationList = 65C5EC7921533134006A0F42 /* Build configuration list for PBXProject "Tindog" */;
			compatibilityVersion = "Xcode 9.3";
			developmentRegion = en;
			hasScannedForEncodings = 0;
			knownRegions = (
				en,
				Base,
			);
			mainGroup = 65C5EC7521533134006A0F42;
			productRefGroup = 65C5EC7F21533135006A0F42 /* Products */;
			projectDirPath = "";
			projectRoot = "";
			targets = (
				65C5EC7D21533134006A0F42 /* Tindog */,
			);
		};
/* End PBXProject section */

/* Begin PBXResourcesBuildPhase section */
		65C5EC7C21533134006A0F42 /* Resources */ = {
			isa = PBXResourcesBuildPhase;
			buildActionMask = 2147483647;
			files = (
				65C5EC8C21533136006A0F42 /* LaunchScreen.storyboard in Resources */,
				65869F40216F036C00C5F274 /* GoogleService-Info.plist in Resources */,
				65C5EC8921533136006A0F42 /* Assets.xcassets in Resources */,
				65C5EC8721533135006A0F42 /* Main.storyboard in Resources */,
			);
			runOnlyForDeploymentPostprocessing = 0;
		};
/* End PBXResourcesBuildPhase section */

/* Begin PBXShellScriptBuildPhase section */
		586E51E660D06FDAD0910A91 /* [CP] Check Pods Manifest.lock */ = {
			isa = PBXShellScriptBuildPhase;
			buildActionMask = 2147483647;
			files = (
			);
			inputPaths = (
				"${PODS_PODFILE_DIR_PATH}/Podfile.lock",
				"${PODS_ROOT}/Manifest.lock",
			);
			name = "[CP] Check Pods Manifest.lock";
			outputPaths = (
				"$(DERIVED_FILE_DIR)/Pods-Tindog-checkManifestLockResult.txt",
			);
			runOnlyForDeploymentPostprocessing = 0;
			shellPath = /bin/sh;
			shellScript = "diff \"${PODS_PODFILE_DIR_PATH}/Podfile.lock\" \"${PODS_ROOT}/Manifest.lock\" > /dev/null\nif [ $? != 0 ] ; then\n    # print error to STDERR\n    echo \"error: The sandbox is not in sync with the Podfile.lock. Run 'pod install' or update your CocoaPods installation.\" >&2\n    exit 1\nfi\n# This output is used by Xcode 'outputs' to avoid re-running this script phase.\necho \"SUCCESS\" > \"${SCRIPT_OUTPUT_FILE_0}\"\n";
			showEnvVarsInLog = 0;
		};
		65DA4C442167CE8C002164FA /* ShellScript */ = {
			isa = PBXShellScriptBuildPhase;
			buildActionMask = 12;
			files = (
			);
			inputPaths = (
			);
			outputPaths = (
			);
			runOnlyForDeploymentPostprocessing = 0;
			shellPath = /bin/sh;
			shellScript = "";
		};
		F433DA28F9B7BEFB129095F4 /* [CP] Embed Pods Frameworks */ = {
			isa = PBXShellScriptBuildPhase;
			buildActionMask = 2147483647;
			files = (
			);
			inputPaths = (
				"${SRCROOT}/Pods/Target Support Files/Pods-Tindog/Pods-Tindog-frameworks.sh",
				"${BUILT_PRODUCTS_DIR}/GTMSessionFetcher/GTMSessionFetcher.framework",
				"${BUILT_PRODUCTS_DIR}/GoogleToolboxForMac/GoogleToolboxForMac.framework",
				"${BUILT_PRODUCTS_DIR}/RevealingSplashView/RevealingSplashView.framework",
				"${BUILT_PRODUCTS_DIR}/SDWebImage/SDWebImage.framework",
				"${BUILT_PRODUCTS_DIR}/leveldb-library/leveldb.framework",
				"${BUILT_PRODUCTS_DIR}/nanopb/nanopb.framework",
			);
			name = "[CP] Embed Pods Frameworks";
			outputPaths = (
				"${TARGET_BUILD_DIR}/${FRAMEWORKS_FOLDER_PATH}/GTMSessionFetcher.framework",
				"${TARGET_BUILD_DIR}/${FRAMEWORKS_FOLDER_PATH}/GoogleToolboxForMac.framework",
				"${TARGET_BUILD_DIR}/${FRAMEWORKS_FOLDER_PATH}/RevealingSplashView.framework",
				"${TARGET_BUILD_DIR}/${FRAMEWORKS_FOLDER_PATH}/SDWebImage.framework",
				"${TARGET_BUILD_DIR}/${FRAMEWORKS_FOLDER_PATH}/leveldb.framework",
				"${TARGET_BUILD_DIR}/${FRAMEWORKS_FOLDER_PATH}/nanopb.framework",
			);
			runOnlyForDeploymentPostprocessing = 0;
			shellPath = /bin/sh;
			shellScript = "\"${SRCROOT}/Pods/Target Support Files/Pods-Tindog/Pods-Tindog-frameworks.sh\"\n";
			showEnvVarsInLog = 0;
		};
/* End PBXShellScriptBuildPhase section */

/* Begin PBXSourcesBuildPhase section */
		65C5EC7A21533134006A0F42 /* Sources */ = {
			isa = PBXSourcesBuildPhase;
			buildActionMask = 2147483647;
			files = (
				65DE0BEB217E88B900A00FFA /* ProfileViewController.swift in Sources */,
				656218B921A369CF002912AB /* UserModel.swift in Sources */,
				65869F3E216EC42D00C5F274 /* UIViewExt.swift in Sources */,
				657DC04E2162FA2300B254A7 /* LoginViewController.swift in Sources */,
				65C5EC8221533135006A0F42 /* AppDelegate.swift in Sources */,
				6538C55F2173E32E00B8859D /* DataBaseService.swift in Sources */,
				653C4A0B215526500071F717 /* HomeViewController.swift in Sources */,
			);
			runOnlyForDeploymentPostprocessing = 0;
		};
/* End PBXSourcesBuildPhase section */

/* Begin PBXVariantGroup section */
		65C5EC8521533135006A0F42 /* Main.storyboard */ = {
			isa = PBXVariantGroup;
			children = (
				65C5EC8621533135006A0F42 /* Base */,
			);
			name = Main.storyboard;
			sourceTree = "<group>";
		};
		65C5EC8A21533136006A0F42 /* LaunchScreen.storyboard */ = {
			isa = PBXVariantGroup;
			children = (
				65C5EC8B21533136006A0F42 /* Base */,
			);
			name = LaunchScreen.storyboard;
			sourceTree = "<group>";
		};
/* End PBXVariantGroup section */

/* Begin XCBuildConfiguration section */
		65C5EC8E21533136006A0F42 /* Debug */ = {
			isa = XCBuildConfiguration;
			buildSettings = {
				ALWAYS_SEARCH_USER_PATHS = NO;
				CLANG_ANALYZER_NONNULL = YES;
				CLANG_ANALYZER_NUMBER_OBJECT_CONVERSION = YES_AGGRESSIVE;
				CLANG_CXX_LANGUAGE_STANDARD = "gnu++14";
				CLANG_CXX_LIBRARY = "libc++";
				CLANG_ENABLE_MODULES = YES;
				CLANG_ENABLE_OBJC_ARC = YES;
				CLANG_ENABLE_OBJC_WEAK = YES;
				CLANG_WARN_BLOCK_CAPTURE_AUTORELEASING = YES;
				CLANG_WARN_BOOL_CONVERSION = YES;
				CLANG_WARN_COMMA = YES;
				CLANG_WARN_CONSTANT_CONVERSION = YES;
				CLANG_WARN_DEPRECATED_OBJC_IMPLEMENTATIONS = YES;
				CLANG_WARN_DIRECT_OBJC_ISA_USAGE = YES_ERROR;
				CLANG_WARN_DOCUMENTATION_COMMENTS = YES;
				CLANG_WARN_EMPTY_BODY = YES;
				CLANG_WARN_ENUM_CONVERSION = YES;
				CLANG_WARN_INFINITE_RECURSION = YES;
				CLANG_WARN_INT_CONVERSION = YES;
				CLANG_WARN_NON_LITERAL_NULL_CONVERSION = YES;
				CLANG_WARN_OBJC_IMPLICIT_RETAIN_SELF = YES;
				CLANG_WARN_OBJC_LITERAL_CONVERSION = YES;
				CLANG_WARN_OBJC_ROOT_CLASS = YES_ERROR;
				CLANG_WARN_RANGE_LOOP_ANALYSIS = YES;
				CLANG_WARN_STRICT_PROTOTYPES = YES;
				CLANG_WARN_SUSPICIOUS_MOVE = YES;
				CLANG_WARN_UNGUARDED_AVAILABILITY = YES_AGGRESSIVE;
				CLANG_WARN_UNREACHABLE_CODE = YES;
				CLANG_WARN__DUPLICATE_METHOD_MATCH = YES;
				CODE_SIGN_IDENTITY = "iPhone Developer";
				COPY_PHASE_STRIP = NO;
				DEBUG_INFORMATION_FORMAT = dwarf;
				ENABLE_STRICT_OBJC_MSGSEND = YES;
				ENABLE_TESTABILITY = YES;
				GCC_C_LANGUAGE_STANDARD = gnu11;
				GCC_DYNAMIC_NO_PIC = NO;
				GCC_NO_COMMON_BLOCKS = YES;
				GCC_OPTIMIZATION_LEVEL = 0;
				GCC_PREPROCESSOR_DEFINITIONS = (
					"DEBUG=1",
					"$(inherited)",
				);
				GCC_WARN_64_TO_32_BIT_CONVERSION = YES;
				GCC_WARN_ABOUT_RETURN_TYPE = YES_ERROR;
				GCC_WARN_UNDECLARED_SELECTOR = YES;
				GCC_WARN_UNINITIALIZED_AUTOS = YES_AGGRESSIVE;
				GCC_WARN_UNUSED_FUNCTION = YES;
				GCC_WARN_UNUSED_VARIABLE = YES;
				IPHONEOS_DEPLOYMENT_TARGET = 11.4;
				MTL_ENABLE_DEBUG_INFO = YES;
				ONLY_ACTIVE_ARCH = YES;
				SDKROOT = iphoneos;
				SWIFT_ACTIVE_COMPILATION_CONDITIONS = DEBUG;
				SWIFT_OPTIMIZATION_LEVEL = "-Onone";
			};
			name = Debug;
		};
		65C5EC8F21533136006A0F42 /* Release */ = {
			isa = XCBuildConfiguration;
			buildSettings = {
				ALWAYS_SEARCH_USER_PATHS = NO;
				CLANG_ANALYZER_NONNULL = YES;
				CLANG_ANALYZER_NUMBER_OBJECT_CONVERSION = YES_AGGRESSIVE;
				CLANG_CXX_LANGUAGE_STANDARD = "gnu++14";
				CLANG_CXX_LIBRARY = "libc++";
				CLANG_ENABLE_MODULES = YES;
				CLANG_ENABLE_OBJC_ARC = YES;
				CLANG_ENABLE_OBJC_WEAK = YES;
				CLANG_WARN_BLOCK_CAPTURE_AUTORELEASING = YES;
				CLANG_WARN_BOOL_CONVERSION = YES;
				CLANG_WARN_COMMA = YES;
				CLANG_WARN_CONSTANT_CONVERSION = YES;
				CLANG_WARN_DEPRECATED_OBJC_IMPLEMENTATIONS = YES;
				CLANG_WARN_DIRECT_OBJC_ISA_USAGE = YES_ERROR;
				CLANG_WARN_DOCUMENTATION_COMMENTS = YES;
				CLANG_WARN_EMPTY_BODY = YES;
				CLANG_WARN_ENUM_CONVERSION = YES;
				CLANG_WARN_INFINITE_RECURSION = YES;
				CLANG_WARN_INT_CONVERSION = YES;
				CLANG_WARN_NON_LITERAL_NULL_CONVERSION = YES;
				CLANG_WARN_OBJC_IMPLICIT_RETAIN_SELF = YES;
				CLANG_WARN_OBJC_LITERAL_CONVERSION = YES;
				CLANG_WARN_OBJC_ROOT_CLASS = YES_ERROR;
				CLANG_WARN_RANGE_LOOP_ANALYSIS = YES;
				CLANG_WARN_STRICT_PROTOTYPES = YES;
				CLANG_WARN_SUSPICIOUS_MOVE = YES;
				CLANG_WARN_UNGUARDED_AVAILABILITY = YES_AGGRESSIVE;
				CLANG_WARN_UNREACHABLE_CODE = YES;
				CLANG_WARN__DUPLICATE_METHOD_MATCH = YES;
				CODE_SIGN_IDENTITY = "iPhone Developer";
				COPY_PHASE_STRIP = NO;
				DEBUG_INFORMATION_FORMAT = "dwarf-with-dsym";
				ENABLE_NS_ASSERTIONS = NO;
				ENABLE_STRICT_OBJC_MSGSEND = YES;
				GCC_C_LANGUAGE_STANDARD = gnu11;
				GCC_NO_COMMON_BLOCKS = YES;
				GCC_WARN_64_TO_32_BIT_CONVERSION = YES;
				GCC_WARN_ABOUT_RETURN_TYPE = YES_ERROR;
				GCC_WARN_UNDECLARED_SELECTOR = YES;
				GCC_WARN_UNINITIALIZED_AUTOS = YES_AGGRESSIVE;
				GCC_WARN_UNUSED_FUNCTION = YES;
				GCC_WARN_UNUSED_VARIABLE = YES;
				IPHONEOS_DEPLOYMENT_TARGET = 11.4;
				MTL_ENABLE_DEBUG_INFO = NO;
				SDKROOT = iphoneos;
				SWIFT_COMPILATION_MODE = wholemodule;
				SWIFT_OPTIMIZATION_LEVEL = "-O";
				VALIDATE_PRODUCT = YES;
			};
			name = Release;
		};
		65C5EC9121533136006A0F42 /* Debug */ = {
			isa = XCBuildConfiguration;
			baseConfigurationReference = B1F9EAD15F960EFDDA08BB4A /* Pods-Tindog.debug.xcconfig */;
			buildSettings = {
				ASSETCATALOG_COMPILER_APPICON_NAME = AppIcon;
				CODE_SIGN_STYLE = Automatic;
				DEVELOPMENT_TEAM = YR8ENK43BV;
				INFOPLIST_FILE = Tindog/Info.plist;
				LD_RUNPATH_SEARCH_PATHS = (
					"$(inherited)",
					"@executable_path/Frameworks",
				);
				PRODUCT_BUNDLE_IDENTIFIER = com.PosetoStudio.Tindog.Tindog;
				PRODUCT_NAME = "$(TARGET_NAME)";
				SWIFT_VERSION = 4.2;
				TARGETED_DEVICE_FAMILY = 1;
			};
			name = Debug;
		};
		65C5EC9221533136006A0F42 /* Release */ = {
			isa = XCBuildConfiguration;
			baseConfigurationReference = 550E064E9803ADAFADC41604 /* Pods-Tindog.release.xcconfig */;
			buildSettings = {
				ASSETCATALOG_COMPILER_APPICON_NAME = AppIcon;
				CODE_SIGN_STYLE = Automatic;
				DEVELOPMENT_TEAM = YR8ENK43BV;
				INFOPLIST_FILE = Tindog/Info.plist;
				LD_RUNPATH_SEARCH_PATHS = (
					"$(inherited)",
					"@executable_path/Frameworks",
				);
				PRODUCT_BUNDLE_IDENTIFIER = com.PosetoStudio.Tindog.Tindog;
				PRODUCT_NAME = "$(TARGET_NAME)";
				SWIFT_VERSION = 4.2;
				TARGETED_DEVICE_FAMILY = 1;
			};
			name = Release;
		};
/* End XCBuildConfiguration section */

/* Begin XCConfigurationList section */
		65C5EC7921533134006A0F42 /* Build configuration list for PBXProject "Tindog" */ = {
			isa = XCConfigurationList;
			buildConfigurations = (
				65C5EC8E21533136006A0F42 /* Debug */,
				65C5EC8F21533136006A0F42 /* Release */,
			);
			defaultConfigurationIsVisible = 0;
			defaultConfigurationName = Release;
		};
		65C5EC9021533136006A0F42 /* Build configuration list for PBXNativeTarget "Tindog" */ = {
			isa = XCConfigurationList;
			buildConfigurations = (
				65C5EC9121533136006A0F42 /* Debug */,
				65C5EC9221533136006A0F42 /* Release */,
			);
			defaultConfigurationIsVisible = 0;
			defaultConfigurationName = Release;
		};
/* End XCConfigurationList section */
	};
	rootObject = 65C5EC7621533134006A0F42 /* Project object */;
}
